# Auto-generated by dotagents. Do not edit.
version = 1

[skills.dotagents]
source = "getsentry/dotagents"
resolved_url = "https://github.com/getsentry/dotagents.git"
resolved_path = "skills/dotagents"
commit = "48327d48ecd02ed8bdd97b4d8839a6695132273f"
integrity = "sha256-bVx96wBmjIF6NPfPH7GMDWUJLulbAHWZhRWi1UAZ6Ws="
