// !$*UTF8*$!
{
	archiveVersion = 1;
	classes = {
	};
	objectVersion = 77;
	objects = {

/* Begin PBXGroup section */
		D4E604C42D50CEEC00CAB00F = {
			isa = PBXGroup;
			children = (
				D4E604CE2D50CEEC00CAB00F /* Products */,
			);
			sourceTree = "<group>";
		};
		D4E604CE2D50CEEC00CAB00F /* Products */ = {
			isa = PBXGroup;
			children = (
			);
			name = Products;
			sourceTree = "<group>";
		};
/* End PBXGroup section */

/* Begin PBXProject section */
		D4E604C52D50CEEC00CAB00F /* Project object */ = {
			isa = PBXProject;
			attributes = {
				BuildIndependentTargetsInParallel = 1;
				LastSwiftUpdateCheck = 1620;
				LastUpgradeCheck = 1620;
			};
			buildConfigurationList = D4E604C82D50CEEC00CAB00F /* Build configuration list for PBXProject "Project" */;
			developmentRegion = en;
			hasScannedForEncodings = 0;
			knownRegions = (
				en,
				Base,
			);
			mainGroup = D4E604C42D50CEEC00CAB00F;
			minimizedProjectReferenceProxies = 1;
			preferredProjectObjectVersion = 77;
			productRefGroup = D4E604CE2D50CEEC00CAB00F /* Products */;
			projectDirPath = "";
			projectRoot = "";
			targets = (
			);
		};
/* End PBXProject section */

/* Begin XCConfigurationList section */
		D4E604C82D50CEEC00CAB00F /* Build configuration list for PBXProject "Project" */ = {
			isa = XCConfigurationList;
			buildConfigurations = (
			);
			defaultConfigurationIsVisible = 0;
		};
/* End XCConfigurationList section */
	};
	rootObject = D4E604C52D50CEEC00CAB00F /* Project object */;
}
