lockfileVersion: '9.0'

settings:
  autoInstallPeers: true
  excludeLinksFromLockfile: false

catalogs:
  sveltekit:
    '@sveltejs/kit':
      specifier: ^2.31.0
      version: 2.49.2

importers:

  .: {}

  packages/sveltekit:
    devDependencies:
      '@sveltejs/adapter-node':
        specifier: ^5.3.1
        version: 5.4.0(@sveltejs/kit@2.49.2(@opentelemetry/api@1.9.0)(@sveltejs/vite-plugin-svelte@4.0.4(svelte@5.46.1)(vite@5.4.21(@types/node@20.19.25)(terser@5.44.1)))(svelte@5.46.1)(vite@5.4.21(@types/node@20.19.25)(terser@5.44.1)))
      '@sveltejs/kit':
        specifier: catalog:sveltekit
        version: 2.49.2(@opentelemetry/api@1.9.0)(@sveltejs/vite-plugin-svelte@4.0.4(svelte@5.46.1)(vite@5.4.21(@types/node@20.19.25)(terser@5.44.1)))(svelte@5.46.1)(vite@5.4.21(@types/node@20.19.25)(terser@5.44.1))
      '@sveltejs/vite-plugin-svelte':
        specifier: ^4.0.0
        version: 4.0.4(svelte@5.46.1)(vite@5.4.21(@types/node@20.19.25)(terser@5.44.1))
      svelte:
        specifier: ^5.0.0
        version: 5.46.1
      svelte-check:
        specifier: ^4.0.0
        version: 4.3.5(picomatch@4.0.3)(svelte@5.46.1)(typescript@5.9.3)
      typescript:
        specifier: ^5.0.0
        version: 5.9.3
      vite:
        specifier: ^5.0.3
        version: 5.4.21(@types/node@20.19.25)(terser@5.44.1)

packages:

  '@esbuild/aix-ppc64@0.21.5':
    resolution: {integrity: sha512-1SDgH6ZSPTlggy1yI6+Dbkiz8xzpHJEVAlF/AM1tHPLsf5STom9rwtjE4hKAF20FfXXNTFqEYXyJNWh1GiZedQ==}
    engines: {node: '>=12'}
    cpu: [ppc64]
    os: [aix]

  '@esbuild/android-arm64@0.21.5':
    resolution: {integrity: sha512-c0uX9VAUBQ7dTDCjq+wdyGLowMdtR/GoC2U5IYk/7D1H1JYC0qseD7+11iMP2mRLN9RcCMRcjC4YMclCzGwS/A==}
    engines: {node: '>=12'}
    cpu: [arm64]
    os: [android]

  '@esbuild/android-arm@0.21.5':
    resolution: {integrity: sha512-vCPvzSjpPHEi1siZdlvAlsPxXl7WbOVUBBAowWug4rJHb68Ox8KualB+1ocNvT5fjv6wpkX6o/iEpbDrf68zcg==}
    engines: {node: '>=12'}
    cpu: [arm]
    os: [android]

  '@esbuild/android-x64@0.21.5':
    resolution: {integrity: sha512-D7aPRUUNHRBwHxzxRvp856rjUHRFW1SdQATKXH2hqA0kAZb1hKmi02OpYRacl0TxIGz/ZmXWlbZgjwWYaCakTA==}
    engines: {node: '>=12'}
    cpu: [x64]
    os: [android]

  '@esbuild/darwin-arm64@0.21.5':
    resolution: {integrity: sha512-DwqXqZyuk5AiWWf3UfLiRDJ5EDd49zg6O9wclZ7kUMv2WRFr4HKjXp/5t8JZ11QbQfUS6/cRCKGwYhtNAY88kQ==}
    engines: {node: '>=12'}
    cpu: [arm64]
    os: [darwin]

  '@esbuild/darwin-x64@0.21.5':
    resolution: {integrity: sha512-se/JjF8NlmKVG4kNIuyWMV/22ZaerB+qaSi5MdrXtd6R08kvs2qCN4C09miupktDitvh8jRFflwGFBQcxZRjbw==}
    engines: {node: '>=12'}
    cpu: [x64]
    os: [darwin]

  '@esbuild/freebsd-arm64@0.21.5':
    resolution: {integrity: sha512-5JcRxxRDUJLX8JXp/wcBCy3pENnCgBR9bN6JsY4OmhfUtIHe3ZW0mawA7+RDAcMLrMIZaf03NlQiX9DGyB8h4g==}
    engines: {node: '>=12'}
    cpu: [arm64]
    os: [freebsd]

  '@esbuild/freebsd-x64@0.21.5':
    resolution: {integrity: sha512-J95kNBj1zkbMXtHVH29bBriQygMXqoVQOQYA+ISs0/2l3T9/kj42ow2mpqerRBxDJnmkUDCaQT/dfNXWX/ZZCQ==}
    engines: {node: '>=12'}
    cpu: [x64]
    os: [freebsd]

  '@esbuild/linux-arm64@0.21.5':
    resolution: {integrity: sha512-ibKvmyYzKsBeX8d8I7MH/TMfWDXBF3db4qM6sy+7re0YXya+K1cem3on9XgdT2EQGMu4hQyZhan7TeQ8XkGp4Q==}
    engines: {node: '>=12'}
    cpu: [arm64]
    os: [linux]

  '@esbuild/linux-arm@0.21.5':
    resolution: {integrity: sha512-bPb5AHZtbeNGjCKVZ9UGqGwo8EUu4cLq68E95A53KlxAPRmUyYv2D6F0uUI65XisGOL1hBP5mTronbgo+0bFcA==}
    engines: {node: '>=12'}
    cpu: [arm]
    os: [linux]

  '@esbuild/linux-ia32@0.21.5':
    resolution: {integrity: sha512-YvjXDqLRqPDl2dvRODYmmhz4rPeVKYvppfGYKSNGdyZkA01046pLWyRKKI3ax8fbJoK5QbxblURkwK/MWY18Tg==}
    engines: {node: '>=12'}
    cpu: [ia32]
    os: [linux]

  '@esbuild/linux-loong64@0.21.5':
    resolution: {integrity: sha512-uHf1BmMG8qEvzdrzAqg2SIG/02+4/DHB6a9Kbya0XDvwDEKCoC8ZRWI5JJvNdUjtciBGFQ5PuBlpEOXQj+JQSg==}
    engines: {node: '>=12'}
    cpu: [loong64]
    os: [linux]

  '@esbuild/linux-mips64el@0.21.5':
    resolution: {integrity: sha512-IajOmO+KJK23bj52dFSNCMsz1QP1DqM6cwLUv3W1QwyxkyIWecfafnI555fvSGqEKwjMXVLokcV5ygHW5b3Jbg==}
    engines: {node: '>=12'}
    cpu: [mips64el]
    os: [linux]

  '@esbuild/linux-ppc64@0.21.5':
    resolution: {integrity: sha512-1hHV/Z4OEfMwpLO8rp7CvlhBDnjsC3CttJXIhBi+5Aj5r+MBvy4egg7wCbe//hSsT+RvDAG7s81tAvpL2XAE4w==}
    engines: {node: '>=12'}
    cpu: [ppc64]
    os: [linux]

  '@esbuild/linux-riscv64@0.21.5':
    resolution: {integrity: sha512-2HdXDMd9GMgTGrPWnJzP2ALSokE/0O5HhTUvWIbD3YdjME8JwvSCnNGBnTThKGEB91OZhzrJ4qIIxk/SBmyDDA==}
    engines: {node: '>=12'}
    cpu: [riscv64]
    os: [linux]

  '@esbuild/linux-s390x@0.21.5':
    resolution: {integrity: sha512-zus5sxzqBJD3eXxwvjN1yQkRepANgxE9lgOW2qLnmr8ikMTphkjgXu1HR01K4FJg8h1kEEDAqDcZQtbrRnB41A==}
    engines: {node: '>=12'}
    cpu: [s390x]
    os: [linux]

  '@esbuild/linux-x64@0.21.5':
    resolution: {integrity: sha512-1rYdTpyv03iycF1+BhzrzQJCdOuAOtaqHTWJZCWvijKD2N5Xu0TtVC8/+1faWqcP9iBCWOmjmhoH94dH82BxPQ==}
    engines: {node: '>=12'}
    cpu: [x64]
    os: [linux]

  '@esbuild/netbsd-x64@0.21.5':
    resolution: {integrity: sha512-Woi2MXzXjMULccIwMnLciyZH4nCIMpWQAs049KEeMvOcNADVxo0UBIQPfSmxB3CWKedngg7sWZdLvLczpe0tLg==}
    engines: {node: '>=12'}
    cpu: [x64]
    os: [netbsd]

  '@esbuild/openbsd-x64@0.21.5':
    resolution: {integrity: sha512-HLNNw99xsvx12lFBUwoT8EVCsSvRNDVxNpjZ7bPn947b8gJPzeHWyNVhFsaerc0n3TsbOINvRP2byTZ5LKezow==}
    engines: {node: '>=12'}
    cpu: [x64]
    os: [openbsd]

  '@esbuild/sunos-x64@0.21.5':
    resolution: {integrity: sha512-6+gjmFpfy0BHU5Tpptkuh8+uw3mnrvgs+dSPQXQOv3ekbordwnzTVEb4qnIvQcYXq6gzkyTnoZ9dZG+D4garKg==}
    engines: {node: '>=12'}
    cpu: [x64]
    os: [sunos]

  '@esbuild/win32-arm64@0.21.5':
    resolution: {integrity: sha512-Z0gOTd75VvXqyq7nsl93zwahcTROgqvuAcYDUr+vOv8uHhNSKROyU961kgtCD1e95IqPKSQKH7tBTslnS3tA8A==}
    engines: {node: '>=12'}
    cpu: [arm64]
    os: [win32]

  '@esbuild/win32-ia32@0.21.5':
    resolution: {integrity: sha512-SWXFF1CL2RVNMaVs+BBClwtfZSvDgtL//G/smwAc5oVK/UPu2Gu9tIaRgFmYFFKrmg3SyAjSrElf0TiJ1v8fYA==}
    engines: {node: '>=12'}
    cpu: [ia32]
    os: [win32]

  '@esbuild/win32-x64@0.21.5':
    resolution: {integrity: sha512-tQd/1efJuzPC6rCFwEvLtci/xNFcTZknmXs98FYDfGE4wP9ClFV98nyKrzJKVPMhdDnjzLhdUyMX4PsQAPjwIw==}
    engines: {node: '>=12'}
    cpu: [x64]
    os: [win32]

  '@jridgewell/gen-mapping@0.3.13':
    resolution: {integrity: sha512-2kkt/7niJ6MgEPxF0bYdQ6etZaA+fQvDcLKckhy1yIQOzaoKjBBjSj63/aLVjYE3qhRt5dvM+uUyfCg6UKCBbA==}

  '@jridgewell/remapping@2.3.5':
    resolution: {integrity: sha512-LI9u/+laYG4Ds1TDKSJW2YPrIlcVYOwi2fUC6xB43lueCjgxV4lffOCZCtYFiH6TNOX+tQKXx97T4IKHbhyHEQ==}

  '@jridgewell/resolve-uri@3.1.2':
    resolution: {integrity: sha512-bRISgCIjP20/tbWSPWMEi54QVPRZExkuD9lJL+UIxUKtwVJA8wW1Trb1jMs1RFXo1CBTNZ/5hpC9QvmKWdopKw==}
    engines: {node: '>=6.0.0'}

  '@jridgewell/source-map@0.3.11':
    resolution: {integrity: sha512-ZMp1V8ZFcPG5dIWnQLr3NSI1MiCU7UETdS/A0G8V/XWHvJv3ZsFqutJn1Y5RPmAPX6F3BiE397OqveU/9NCuIA==}

  '@jridgewell/sourcemap-codec@1.5.5':
    resolution: {integrity: sha512-cYQ9310grqxueWbl+WuIUIaiUaDcj7WOq5fVhEljNVgRfOUhY9fy2zTvfoqWsnebh8Sl70VScFbICvJnLKB0Og==}

  '@jridgewell/trace-mapping@0.3.31':
    resolution: {integrity: sha512-zzNR+SdQSDJzc8joaeP8QQoCQr8NuYx2dIIytl1QeBEZHJ9uW6hebsrYgbz8hJwUQao3TWCMtmfV8Nu1twOLAw==}

  '@opentelemetry/api@1.9.0':
    resolution: {integrity: sha512-3giAOQvZiH5F9bMlMiv8+GSPMeqg0dbaeo58/0SlA9sxSqZhnUtxzX9/2FzyhS9sWQf5S0GJE0AKBrFqjpeYcg==}
    engines: {node: '>=8.0.0'}

  '@polka/url@1.0.0-next.29':
    resolution: {integrity: sha512-wwQAWhWSuHaag8c4q/KN/vCoeOJYshAIvMQwD4GpSb3OiZklFfvAgmj0VCBBImRpuF/aFgIRzllXlVX93Jevww==}

  '@rollup/plugin-commonjs@28.0.1':
    resolution: {integrity: sha512-+tNWdlWKbpB3WgBN7ijjYkq9X5uhjmcvyjEght4NmH5fAU++zfQzAJ6wumLS+dNcvwEZhKx2Z+skY8m7v0wGSA==}
    engines: {node: '>=16.0.0 || 14 >= 14.17'}
    peerDependencies:
      rollup: ^2.68.0||^3.0.0||^4.0.0
    peerDependenciesMeta:
      rollup:
        optional: true

  '@rollup/plugin-json@6.1.0':
    resolution: {integrity: sha512-EGI2te5ENk1coGeADSIwZ7G2Q8CJS2sF120T7jLw4xFw9n7wIOXHo+kIYRAoVpJAN+kmqZSoO3Fp4JtoNF4ReA==}
    engines: {node: '>=14.0.0'}
    peerDependencies:
      rollup: ^1.20.0||^2.0.0||^3.0.0||^4.0.0
    peerDependenciesMeta:
      rollup:
        optional: true

  '@rollup/plugin-node-resolve@16.0.3':
    resolution: {integrity: sha512-lUYM3UBGuM93CnMPG1YocWu7X802BrNF3jW2zny5gQyLQgRFJhV1Sq0Zi74+dh/6NBx1DxFC4b4GXg9wUCG5Qg==}
    engines: {node: '>=14.0.0'}
    peerDependencies:
      rollup: ^2.78.0||^3.0.0||^4.0.0
    peerDependenciesMeta:
      rollup:
        optional: true

  '@rollup/pluginutils@5.3.0':
    resolution: {integrity: sha512-5EdhGZtnu3V88ces7s53hhfK5KSASnJZv8Lulpc04cWO3REESroJXg73DFsOmgbU2BhwV0E20bu2IDZb3VKW4Q==}
    engines: {node: '>=14.0.0'}
    peerDependencies:
      rollup: ^1.20.0||^2.0.0||^3.0.0||^4.0.0
    peerDependenciesMeta:
      rollup:
        optional: true

  '@rollup/rollup-android-arm-eabi@4.53.2':
    resolution: {integrity: sha512-yDPzwsgiFO26RJA4nZo8I+xqzh7sJTZIWQOxn+/XOdPE31lAvLIYCKqjV+lNH/vxE2L2iH3plKxDCRK6i+CwhA==}
    cpu: [arm]
    os: [android]

  '@rollup/rollup-android-arm64@4.53.2':
    resolution: {integrity: sha512-k8FontTxIE7b0/OGKeSN5B6j25EuppBcWM33Z19JoVT7UTXFSo3D9CdU39wGTeb29NO3XxpMNauh09B+Ibw+9g==}
    cpu: [arm64]
    os: [android]

  '@rollup/rollup-darwin-arm64@4.53.2':
    resolution: {integrity: sha512-A6s4gJpomNBtJ2yioj8bflM2oogDwzUiMl2yNJ2v9E7++sHrSrsQ29fOfn5DM/iCzpWcebNYEdXpaK4tr2RhfQ==}
    cpu: [arm64]
    os: [darwin]

  '@rollup/rollup-darwin-x64@4.53.2':
    resolution: {integrity: sha512-e6XqVmXlHrBlG56obu9gDRPW3O3hLxpwHpLsBJvuI8qqnsrtSZ9ERoWUXtPOkY8c78WghyPHZdmPhHLWNdAGEw==}
    cpu: [x64]
    os: [darwin]

  '@rollup/rollup-freebsd-arm64@4.53.2':
    resolution: {integrity: sha512-v0E9lJW8VsrwPux5Qe5CwmH/CF/2mQs6xU1MF3nmUxmZUCHazCjLgYvToOk+YuuUqLQBio1qkkREhxhc656ViA==}
    cpu: [arm64]
    os: [freebsd]

  '@rollup/rollup-freebsd-x64@4.53.2':
    resolution: {integrity: sha512-ClAmAPx3ZCHtp6ysl4XEhWU69GUB1D+s7G9YjHGhIGCSrsg00nEGRRZHmINYxkdoJehde8VIsDC5t9C0gb6yqA==}
    cpu: [x64]
    os: [freebsd]

  '@rollup/rollup-linux-arm-gnueabihf@4.53.2':
    resolution: {integrity: sha512-EPlb95nUsz6Dd9Qy13fI5kUPXNSljaG9FiJ4YUGU1O/Q77i5DYFW5KR8g1OzTcdZUqQQ1KdDqsTohdFVwCwjqg==}
    cpu: [arm]
    os: [linux]

  '@rollup/rollup-linux-arm-musleabihf@4.53.2':
    resolution: {integrity: sha512-BOmnVW+khAUX+YZvNfa0tGTEMVVEerOxN0pDk2E6N6DsEIa2Ctj48FOMfNDdrwinocKaC7YXUZ1pHlKpnkja/Q==}
    cpu: [arm]
    os: [linux]

  '@rollup/rollup-linux-arm64-gnu@4.53.2':
    resolution: {integrity: sha512-Xt2byDZ+6OVNuREgBXr4+CZDJtrVso5woFtpKdGPhpTPHcNG7D8YXeQzpNbFRxzTVqJf7kvPMCub/pcGUWgBjA==}
    cpu: [arm64]
    os: [linux]

  '@rollup/rollup-linux-arm64-musl@4.53.2':
    resolution: {integrity: sha512-+LdZSldy/I9N8+klim/Y1HsKbJ3BbInHav5qE9Iy77dtHC/pibw1SR/fXlWyAk0ThnpRKoODwnAuSjqxFRDHUQ==}
    cpu: [arm64]
    os: [linux]

  '@rollup/rollup-linux-loong64-gnu@4.53.2':
    resolution: {integrity: sha512-8ms8sjmyc1jWJS6WdNSA23rEfdjWB30LH8Wqj0Cqvv7qSHnvw6kgMMXRdop6hkmGPlyYBdRPkjJnj3KCUHV/uQ==}
    cpu: [loong64]
    os: [linux]

  '@rollup/rollup-linux-ppc64-gnu@4.53.2':
    resolution: {integrity: sha512-3HRQLUQbpBDMmzoxPJYd3W6vrVHOo2cVW8RUo87Xz0JPJcBLBr5kZ1pGcQAhdZgX9VV7NbGNipah1omKKe23/g==}
    cpu: [ppc64]
    os: [linux]

  '@rollup/rollup-linux-riscv64-gnu@4.53.2':
    resolution: {integrity: sha512-fMjKi+ojnmIvhk34gZP94vjogXNNUKMEYs+EDaB/5TG/wUkoeua7p7VCHnE6T2Tx+iaghAqQX8teQzcvrYpaQA==}
    cpu: [riscv64]
    os: [linux]

  '@rollup/rollup-linux-riscv64-musl@4.53.2':
    resolution: {integrity: sha512-XuGFGU+VwUUV5kLvoAdi0Wz5Xbh2SrjIxCtZj6Wq8MDp4bflb/+ThZsVxokM7n0pcbkEr2h5/pzqzDYI7cCgLQ==}
    cpu: [riscv64]
    os: [linux]

  '@rollup/rollup-linux-s390x-gnu@4.53.2':
    resolution: {integrity: sha512-w6yjZF0P+NGzWR3AXWX9zc0DNEGdtvykB03uhonSHMRa+oWA6novflo2WaJr6JZakG2ucsyb+rvhrKac6NIy+w==}
    cpu: [s390x]
    os: [linux]

  '@rollup/rollup-linux-x64-gnu@4.53.2':
    resolution: {integrity: sha512-yo8d6tdfdeBArzC7T/PnHd7OypfI9cbuZzPnzLJIyKYFhAQ8SvlkKtKBMbXDxe1h03Rcr7u++nFS7tqXz87Gtw==}
    cpu: [x64]
    os: [linux]

  '@rollup/rollup-linux-x64-musl@4.53.2':
    resolution: {integrity: sha512-ah59c1YkCxKExPP8O9PwOvs+XRLKwh/mV+3YdKqQ5AMQ0r4M4ZDuOrpWkUaqO7fzAHdINzV9tEVu8vNw48z0lA==}
    cpu: [x64]
    os: [linux]

  '@rollup/rollup-openharmony-arm64@4.53.2':
    resolution: {integrity: sha512-4VEd19Wmhr+Zy7hbUsFZ6YXEiP48hE//KPLCSVNY5RMGX2/7HZ+QkN55a3atM1C/BZCGIgqN+xrVgtdak2S9+A==}
    cpu: [arm64]
    os: [openharmony]

  '@rollup/rollup-win32-arm64-msvc@4.53.2':
    resolution: {integrity: sha512-IlbHFYc/pQCgew/d5fslcy1KEaYVCJ44G8pajugd8VoOEI8ODhtb/j8XMhLpwHCMB3yk2J07ctup10gpw2nyMA==}
    cpu: [arm64]
    os: [win32]

  '@rollup/rollup-win32-ia32-msvc@4.53.2':
    resolution: {integrity: sha512-lNlPEGgdUfSzdCWU176ku/dQRnA7W+Gp8d+cWv73jYrb8uT7HTVVxq62DUYxjbaByuf1Yk0RIIAbDzp+CnOTFg==}
    cpu: [ia32]
    os: [win32]

  '@rollup/rollup-win32-x64-gnu@4.53.2':
    resolution: {integrity: sha512-S6YojNVrHybQis2lYov1sd+uj7K0Q05NxHcGktuMMdIQ2VixGwAfbJ23NnlvvVV1bdpR2m5MsNBViHJKcA4ADw==}
    cpu: [x64]
    os: [win32]

  '@rollup/rollup-win32-x64-msvc@4.53.2':
    resolution: {integrity: sha512-k+/Rkcyx//P6fetPoLMb8pBeqJBNGx81uuf7iljX9++yNBVRDQgD04L+SVXmXmh5ZP4/WOp4mWF0kmi06PW2tA==}
    cpu: [x64]
    os: [win32]

  '@standard-schema/spec@1.1.0':
    resolution: {integrity: sha512-l2aFy5jALhniG5HgqrD6jXLi/rUWrKvqN/qJx6yoJsgKhblVd+iqqU4RCXavm/jPityDo5TCvKMnpjKnOriy0w==}

  '@sveltejs/acorn-typescript@1.0.8':
    resolution: {integrity: sha512-esgN+54+q0NjB0Y/4BomT9samII7jGwNy/2a3wNZbT2A2RpmXsXwUt24LvLhx6jUq2gVk4cWEvcRO6MFQbOfNA==}
    peerDependencies:
      acorn: ^8.9.0

  '@sveltejs/adapter-node@5.4.0':
    resolution: {integrity: sha512-NMsrwGVPEn+J73zH83Uhss/hYYZN6zT3u31R3IHAn3MiKC3h8fjmIAhLfTSOeNHr5wPYfjjMg8E+1gyFgyrEcQ==}
    peerDependencies:
      '@sveltejs/kit': ^2.4.0

  '@sveltejs/kit@2.49.2':
    resolution: {integrity: sha512-Vp3zX/qlwerQmHMP6x0Ry1oY7eKKRcOWGc2P59srOp4zcqyn+etJyQpELgOi4+ZSUgteX8Y387NuwruLgGXLUQ==}
    engines: {node: '>=18.13'}
    hasBin: true
    peerDependencies:
      '@opentelemetry/api': ^1.0.0
      '@sveltejs/vite-plugin-svelte': ^3.0.0 || ^4.0.0-next.1 || ^5.0.0 || ^6.0.0-next.0
      svelte: ^4.0.0 || ^5.0.0-next.0
      vite: ^5.0.3 || ^6.0.0 || ^7.0.0-beta.0
    peerDependenciesMeta:
      '@opentelemetry/api':
        optional: true

  '@sveltejs/vite-plugin-svelte-inspector@3.0.1':
    resolution: {integrity: sha512-2CKypmj1sM4GE7HjllT7UKmo4Q6L5xFRd7VMGEWhYnZ+wc6AUVU01IBd7yUi6WnFndEwWoMNOd6e8UjoN0nbvQ==}
    engines: {node: ^18.0.0 || ^20.0.0 || >=22}
    peerDependencies:
      '@sveltejs/vite-plugin-svelte': ^4.0.0-next.0||^4.0.0
      svelte: ^5.0.0-next.96 || ^5.0.0
      vite: ^5.0.0

  '@sveltejs/vite-plugin-svelte@4.0.4':
    resolution: {integrity: sha512-0ba1RQ/PHen5FGpdSrW7Y3fAMQjrXantECALeOiOdBdzR5+5vPP6HVZRLmZaQL+W8m++o+haIAKq5qT+MiZ7VA==}
    engines: {node: ^18.0.0 || ^20.0.0 || >=22}
    peerDependencies:
      svelte: ^5.0.0-next.96 || ^5.0.0
      vite: ^5.0.0

  '@types/cookie@0.6.0':
    resolution: {integrity: sha512-4Kh9a6B2bQciAhf7FSuMRRkUWecJgJu9nPnx3yzpsfXX/c50REIqpHY4C82bXP90qrLtXtkDxTZosYO3UpOwlA==}

  '@types/estree@1.0.8':
    resolution: {integrity: sha512-dWHzHa2WqEXI/O1E9OjrocMTKJl2mSrEolh1Iomrv6U+JuNwaHXsXx9bLu5gG7BUWFIN0skIQJQ/L1rIex4X6w==}

  '@types/node@20.19.25':
    resolution: {integrity: sha512-ZsJzA5thDQMSQO788d7IocwwQbI8B5OPzmqNvpf3NY/+MHDAS759Wo0gd2WQeXYt5AAAQjzcrTVC6SKCuYgoCQ==}

  '@types/resolve@1.20.2':
    resolution: {integrity: sha512-60BCwRFOZCQhDncwQdxxeOEEkbc5dIMccYLwbxsS4TUNeVECQ/pBJ0j09mrHOl/JJvpRPGwO9SvE4nR2Nb/a4Q==}

  acorn@8.15.0:
    resolution: {integrity: sha512-NZyJarBfL7nWwIq+FDL6Zp/yHEhePMNnnJ0y3qfieCrmNvYct8uvtiV41UvlSe6apAfk0fY1FbWx+NwfmpvtTg==}
    engines: {node: '>=0.4.0'}
    hasBin: true

  aria-query@5.3.2:
    resolution: {integrity: sha512-COROpnaoap1E2F000S62r6A60uHZnmlvomhfyT2DlTcrY1OrBKn2UhH7qn5wTC9zMvD0AY7csdPSNwKP+7WiQw==}
    engines: {node: '>= 0.4'}

  axobject-query@4.1.0:
    resolution: {integrity: sha512-qIj0G9wZbMGNLjLmg1PT6v2mE9AH2zlnADJD/2tC6E00hgmhUOfEB6greHPAfLRSufHqROIUTkw6E+M3lH0PTQ==}
    engines: {node: '>= 0.4'}

  buffer-from@1.1.2:
    resolution: {integrity: sha512-E+XQCRwSbaaiChtv6k6Dwgc+bx+Bs6vuKJHHl5kox/BaKbhiXzqQOwK4cO22yElGp2OCmjwVhT3HmxgyPGnJfQ==}

  chokidar@4.0.3:
    resolution: {integrity: sha512-Qgzu8kfBvo+cA4962jnP1KkS6Dop5NS6g7R5LFYJr4b8Ub94PPQXUksCw9PvXoeXPRRddRNC5C1JQUR2SMGtnA==}
    engines: {node: '>= 14.16.0'}

  clsx@2.1.1:
    resolution: {integrity: sha512-eYm0QWBtUrBWZWG0d386OGAw16Z995PiOVo2B7bjWSbHedGl5e0ZWaq65kOGgUSNesEIDkB9ISbTg/JK9dhCZA==}
    engines: {node: '>=6'}

  commander@2.20.3:
    resolution: {integrity: sha512-GpVkmM8vF2vQUkj2LvZmD35JxeJOLCwJ9cUkugyk2nuhbv3+mJvpLYYt+0+USMxE+oj+ey/lJEnhZw75x/OMcQ==}

  commondir@1.0.1:
    resolution: {integrity: sha512-W9pAhw0ja1Edb5GVdIF1mjZw/ASI0AlShXM83UUGe2DVr5TdAPEA1OA8m/g8zWp9x6On7gqufY+FatDbC3MDQg==}

  cookie@0.6.0:
    resolution: {integrity: sha512-U71cyTamuh1CRNCfpGY6to28lxvNwPG4Guz/EVjgf3Jmzv0vlDp1atT9eS5dDjMYHucpHbWns6Lwf3BKz6svdw==}
    engines: {node: '>= 0.6'}

  debug@4.4.3:
    resolution: {integrity: sha512-RGwwWnwQvkVfavKVt22FGLw+xYSdzARwm0ru6DhTVA3umU5hZc28V3kO4stgYryrTlLpuvgI9GiijltAjNbcqA==}
    engines: {node: '>=6.0'}
    peerDependencies:
      supports-color: '*'
    peerDependenciesMeta:
      supports-color:
        optional: true

  deepmerge@4.3.1:
    resolution: {integrity: sha512-3sUqbMEc77XqpdNO7FRyRog+eW3ph+GYCbj+rK+uYyRMuwsVy0rMiVtPn+QJlKFvWP/1PYpapqYn0Me2knFn+A==}
    engines: {node: '>=0.10.0'}

  devalue@5.6.1:
    resolution: {integrity: sha512-jDwizj+IlEZBunHcOuuFVBnIMPAEHvTsJj0BcIp94xYguLRVBcXO853px/MyIJvbVzWdsGvrRweIUWJw8hBP7A==}

  esbuild@0.21.5:
    resolution: {integrity: sha512-mg3OPMV4hXywwpoDxu3Qda5xCKQi+vCTZq8S9J/EpkhB2HzKXq4SNFZE3+NK93JYxc8VMSep+lOUSC/RVKaBqw==}
    engines: {node: '>=12'}
    hasBin: true

  esm-env@1.2.2:
    resolution: {integrity: sha512-Epxrv+Nr/CaL4ZcFGPJIYLWFom+YeV1DqMLHJoEd9SYRxNbaFruBwfEX/kkHUJf55j2+TUbmDcmuilbP1TmXHA==}

  esrap@2.2.1:
    resolution: {integrity: sha512-GiYWG34AN/4CUyaWAgunGt0Rxvr1PTMlGC0vvEov/uOQYWne2bpN03Um+k8jT+q3op33mKouP2zeJ6OlM+qeUg==}

  estree-walker@2.0.2:
    resolution: {integrity: sha512-Rfkk/Mp/DL7JVje3u18FxFujQlTNR2q6QfMSMB7AvCBx91NGj/ba3kCfza0f6dVDbw7YlRf/nDrn7pQrCCyQ/w==}

  fdir@6.5.0:
    resolution: {integrity: sha512-tIbYtZbucOs0BRGqPJkshJUYdL+SDH7dVM8gjy+ERp3WAUjLEFJE+02kanyHtwjWOnwrKYBiwAmM0p4kLJAnXg==}
    engines: {node: '>=12.0.0'}
    peerDependencies:
      picomatch: ^3 || ^4
    peerDependenciesMeta:
      picomatch:
        optional: true

  fsevents@2.3.3:
    resolution: {integrity: sha512-5xoDfX+fL7faATnagmWPpbFtwh/R77WmMMqqHGS65C3vvB0YHrgF+B1YmZ3441tMj5n63k0212XNoJwzlhffQw==}
    engines: {node: ^8.16.0 || ^10.6.0 || >=11.0.0}
    os: [darwin]

  function-bind@1.1.2:
    resolution: {integrity: sha512-7XHNxH7qX9xG5mIwxkhumTox/MIRNcOgDrxWsMt2pAr23WHp6MrRlN7FBSFpCpr+oVO0F744iUgR82nJMfG2SA==}

  hasown@2.0.2:
    resolution: {integrity: sha512-0hJU9SCPvmMzIBdZFqNPXWa6dqh7WdH0cII9y+CyS8rG3nL48Bclra9HmKhVVUHyPWNH5Y7xDwAB7bfgSjkUMQ==}
    engines: {node: '>= 0.4'}

  is-core-module@2.16.1:
    resolution: {integrity: sha512-UfoeMA6fIJ8wTYFEUjelnaGI67v6+N7qXJEvQuIGa99l4xsCruSYOVSQ0uPANn4dAzm8lkYPaKLrrijLq7x23w==}
    engines: {node: '>= 0.4'}

  is-module@1.0.0:
    resolution: {integrity: sha512-51ypPSPCoTEIN9dy5Oy+h4pShgJmPCygKfyRCISBI+JoWT/2oJvK8QPxmwv7b/p239jXrm9M1mlQbyKJ5A152g==}

  is-reference@1.2.1:
    resolution: {integrity: sha512-U82MsXXiFIrjCK4otLT+o2NA2Cd2g5MLoOVXUZjIOhLurrRxpEXzI8O0KZHr3IjLvlAH1kTPYSuqer5T9ZVBKQ==}

  is-reference@3.0.3:
    resolution: {integrity: sha512-ixkJoqQvAP88E6wLydLGGqCJsrFUnqoH6HnaczB8XmDH1oaWU+xxdptvikTgaEhtZ53Ky6YXiBuUI2WXLMCwjw==}

  kleur@4.1.5:
    resolution: {integrity: sha512-o+NO+8WrRiQEE4/7nwRJhN1HWpVmJm511pBHUxPLtp0BUISzlBplORYSmTclCnJvQq2tKu/sgl3xVpkc7ZWuQQ==}
    engines: {node: '>=6'}

  locate-character@3.0.0:
    resolution: {integrity: sha512-SW13ws7BjaeJ6p7Q6CO2nchbYEc3X3J6WrmTTDto7yMPqVSZTUyY5Tjbid+Ab8gLnATtygYtiDIJGQRRn2ZOiA==}

  magic-string@0.30.21:
    resolution: {integrity: sha512-vd2F4YUyEXKGcLHoq+TEyCjxueSeHnFxyyjNp80yg0XV4vUhnDer/lvvlqM/arB5bXQN5K2/3oinyCRyx8T2CQ==}

  mri@1.2.0:
    resolution: {integrity: sha512-tzzskb3bG8LvYGFF/mDTpq3jpI6Q9wc3LEmBaghu+DdCssd1FakN7Bc0hVNmEyGq1bq3RgfkCb3cmQLpNPOroA==}
    engines: {node: '>=4'}

  mrmime@2.0.1:
    resolution: {integrity: sha512-Y3wQdFg2Va6etvQ5I82yUhGdsKrcYox6p7FfL1LbK2J4V01F9TGlepTIhnK24t7koZibmg82KGglhA1XK5IsLQ==}
    engines: {node: '>=10'}

  ms@2.1.3:
    resolution: {integrity: sha512-6FlzubTLZG3J2a/NVCAleEhjzq5oxgHyaCU9yYXvcLsvoVaHJq/s5xXI6/XXP6tz7R9xAOtHnSO/tXtF3WRTlA==}

  nanoid@3.3.11:
    resolution: {integrity: sha512-N8SpfPUnUp1bK+PMYW8qSWdl9U+wwNWI4QKxOYDy9JAro3WMX7p2OeVRF9v+347pnakNevPmiHhNmZ2HbFA76w==}
    engines: {node: ^10 || ^12 || ^13.7 || ^14 || >=15.0.1}
    hasBin: true

  path-parse@1.0.7:
    resolution: {integrity: sha512-LDJzPVEEEPR+y48z93A0Ed0yXb8pAByGWo/k5YYdYgpY2/2EsOsksJrq7lOHxryrVOn1ejG6oAp8ahvOIQD8sw==}

  picocolors@1.1.1:
    resolution: {integrity: sha512-xceH2snhtb5M9liqDsmEw56le376mTZkEX/jEb/RxNFyegNul7eNslCXP9FDj/Lcu0X8KEyMceP2ntpaHrDEVA==}

  picomatch@4.0.3:
    resolution: {integrity: sha512-5gTmgEY/sqK6gFXLIsQNH19lWb4ebPDLA4SdLP7dsWkIXHWlG66oPuVvXSGFPppYZz8ZDZq0dYYrbHfBCVUb1Q==}
    engines: {node: '>=12'}

  postcss@8.5.6:
    resolution: {integrity: sha512-3Ybi1tAuwAP9s0r1UQ2J4n5Y0G05bJkpUIO0/bI9MhwmD70S5aTWbXGBwxHrelT+XM1k6dM0pk+SwNkpTRN7Pg==}
    engines: {node: ^10 || ^12 || >=14}

  readdirp@4.1.2:
    resolution: {integrity: sha512-GDhwkLfywWL2s6vEjyhri+eXmfH6j1L7JE27WhqLeYzoh/A3DBaYGEj2H/HFZCn/kMfim73FXxEJTw06WtxQwg==}
    engines: {node: '>= 14.18.0'}

  resolve@1.22.8:
    resolution: {integrity: sha512-oKWePCxqpd6FlLvGV1VU0x7bkPmmCNolxzjMf4NczoDnQcIWrAF+cPtZn5i6n+RfD2d9i0tzpKnG6Yk168yIyw==}
    hasBin: true

  rollup@4.53.2:
    resolution: {integrity: sha512-MHngMYwGJVi6Fmnk6ISmnk7JAHRNF0UkuucA0CUW3N3a4KnONPEZz+vUanQP/ZC/iY1Qkf3bwPWzyY84wEks1g==}
    engines: {node: '>=18.0.0', npm: '>=8.0.0'}
    hasBin: true

  sade@1.8.1:
    resolution: {integrity: sha512-xal3CZX1Xlo/k4ApwCFrHVACi9fBqJ7V+mwhBsuf/1IOKbBy098Fex+Wa/5QMubw09pSZ/u8EY8PWgevJsXp1A==}
    engines: {node: '>=6'}

  set-cookie-parser@2.7.2:
    resolution: {integrity: sha512-oeM1lpU/UvhTxw+g3cIfxXHyJRc/uidd3yK1P242gzHds0udQBYzs3y8j4gCCW+ZJ7ad0yctld8RYO+bdurlvw==}

  sirv@3.0.2:
    resolution: {integrity: sha512-2wcC/oGxHis/BoHkkPwldgiPSYcpZK3JU28WoMVv55yHJgcZ8rlXvuG9iZggz+sU1d4bRgIGASwyWqjxu3FM0g==}
    engines: {node: '>=18'}

  source-map-js@1.2.1:
    resolution: {integrity: sha512-UXWMKhLOwVKb728IUtQPXxfYU+usdybtUrK/8uGE8CQMvrhOpwvzDBwj0QhSL7MQc7vIsISBG8VQ8+IDQxpfQA==}
    engines: {node: '>=0.10.0'}

  source-map-support@0.5.21:
    resolution: {integrity: sha512-uBHU3L3czsIyYXKX88fdrGovxdSCoTGDRZ6SYXtSRxLZUzHg5P/66Ht6uoUlHu9EZod+inXhKo3qQgwXUT/y1w==}

  source-map@0.6.1:
    resolution: {integrity: sha512-UjgapumWlbMhkBgzT7Ykc5YXUT46F0iKu8SGXq0bcwP5dz/h0Plj6enJqjz1Zbq2l5WaqYnrVbwWOWMyF3F47g==}
    engines: {node: '>=0.10.0'}

  supports-preserve-symlinks-flag@1.0.0:
    resolution: {integrity: sha512-ot0WnXS9fgdkgIcePe6RHNk1WA8+muPa6cSjeR3V8K27q9BB1rTE3R1p7Hv0z1ZyAc8s6Vvv8DIyWf681MAt0w==}
    engines: {node: '>= 0.4'}

  svelte-check@4.3.5:
    resolution: {integrity: sha512-e4VWZETyXaKGhpkxOXP+B/d0Fp/zKViZoJmneZWe/05Y2aqSKj3YN2nLfYPJBQ87WEiY4BQCQ9hWGu9mPT1a1Q==}
    engines: {node: '>= 18.0.0'}
    hasBin: true
    peerDependencies:
      svelte: ^4.0.0 || ^5.0.0-next.0
      typescript: '>=5.0.0'

  svelte@5.46.1:
    resolution: {integrity: sha512-ynjfCHD3nP2el70kN5Pmg37sSi0EjOm9FgHYQdC4giWG/hzO3AatzXXJJgP305uIhGQxSufJLuYWtkY8uK/8RA==}
    engines: {node: '>=18'}

  terser@5.44.1:
    resolution: {integrity: sha512-t/R3R/n0MSwnnazuPpPNVO60LX0SKL45pyl9YlvxIdkH0Of7D5qM2EVe+yASRIlY5pZ73nclYJfNANGWPwFDZw==}
    engines: {node: '>=10'}
    hasBin: true

  totalist@3.0.1:
    resolution: {integrity: sha512-sf4i37nQ2LBx4m3wB74y+ubopq6W/dIzXg0FDGjsYnZHVa1Da8FH853wlL2gtUhg+xJXjfk3kUZS3BRoQeoQBQ==}
    engines: {node: '>=6'}

  typescript@5.9.3:
    resolution: {integrity: sha512-jl1vZzPDinLr9eUt3J/t7V6FgNEw9QjvBPdysz9KfQDD41fQrC2Y4vKQdiaUpFT4bXlb1RHhLpp8wtm6M5TgSw==}
    engines: {node: '>=14.17'}
    hasBin: true

  undici-types@6.21.0:
    resolution: {integrity: sha512-iwDZqg0QAGrg9Rav5H4n0M64c3mkR59cJ6wQp+7C4nI0gsmExaedaYLNO44eT4AtBBwjbTiGPMlt2Md0T9H9JQ==}

  vite@5.4.21:
    resolution: {integrity: sha512-o5a9xKjbtuhY6Bi5S3+HvbRERmouabWbyUcpXXUA1u+GNUKoROi9byOJ8M0nHbHYHkYICiMlqxkg1KkYmm25Sw==}
    engines: {node: ^18.0.0 || >=20.0.0}
    hasBin: true
    peerDependencies:
      '@types/node': ^18.0.0 || >=20.0.0
      less: '*'
      lightningcss: ^1.21.0
      sass: '*'
      sass-embedded: '*'
      stylus: '*'
      sugarss: '*'
      terser: ^5.4.0
    peerDependenciesMeta:
      '@types/node':
        optional: true
      less:
        optional: true
      lightningcss:
        optional: true
      sass:
        optional: true
      sass-embedded:
        optional: true
      stylus:
        optional: true
      sugarss:
        optional: true
      terser:
        optional: true

  vitefu@1.1.1:
    resolution: {integrity: sha512-B/Fegf3i8zh0yFbpzZ21amWzHmuNlLlmJT6n7bu5e+pCHUKQIfXSYokrqOBGEMMe9UG2sostKQF9mml/vYaWJQ==}
    peerDependencies:
      vite: ^3.0.0 || ^4.0.0 || ^5.0.0 || ^6.0.0 || ^7.0.0-beta.0
    peerDependenciesMeta:
      vite:
        optional: true

  zimmerframe@1.1.4:
    resolution: {integrity: sha512-B58NGBEoc8Y9MWWCQGl/gq9xBCe4IiKM0a2x7GZdQKOW5Exr8S1W24J6OgM1njK8xCRGvAJIL/MxXHf6SkmQKQ==}

snapshots:

  '@esbuild/aix-ppc64@0.21.5':
    optional: true

  '@esbuild/android-arm64@0.21.5':
    optional: true

  '@esbuild/android-arm@0.21.5':
    optional: true

  '@esbuild/android-x64@0.21.5':
    optional: true

  '@esbuild/darwin-arm64@0.21.5':
    optional: true

  '@esbuild/darwin-x64@0.21.5':
    optional: true

  '@esbuild/freebsd-arm64@0.21.5':
    optional: true

  '@esbuild/freebsd-x64@0.21.5':
    optional: true

  '@esbuild/linux-arm64@0.21.5':
    optional: true

  '@esbuild/linux-arm@0.21.5':
    optional: true

  '@esbuild/linux-ia32@0.21.5':
    optional: true

  '@esbuild/linux-loong64@0.21.5':
    optional: true

  '@esbuild/linux-mips64el@0.21.5':
    optional: true

  '@esbuild/linux-ppc64@0.21.5':
    optional: true

  '@esbuild/linux-riscv64@0.21.5':
    optional: true

  '@esbuild/linux-s390x@0.21.5':
    optional: true

  '@esbuild/linux-x64@0.21.5':
    optional: true

  '@esbuild/netbsd-x64@0.21.5':
    optional: true

  '@esbuild/openbsd-x64@0.21.5':
    optional: true

  '@esbuild/sunos-x64@0.21.5':
    optional: true

  '@esbuild/win32-arm64@0.21.5':
    optional: true

  '@esbuild/win32-ia32@0.21.5':
    optional: true

  '@esbuild/win32-x64@0.21.5':
    optional: true

  '@jridgewell/gen-mapping@0.3.13':
    dependencies:
      '@jridgewell/sourcemap-codec': 1.5.5
      '@jridgewell/trace-mapping': 0.3.31

  '@jridgewell/remapping@2.3.5':
    dependencies:
      '@jridgewell/gen-mapping': 0.3.13
      '@jridgewell/trace-mapping': 0.3.31

  '@jridgewell/resolve-uri@3.1.2': {}

  '@jridgewell/source-map@0.3.11':
    dependencies:
      '@jridgewell/gen-mapping': 0.3.13
      '@jridgewell/trace-mapping': 0.3.31
    optional: true

  '@jridgewell/sourcemap-codec@1.5.5': {}

  '@jridgewell/trace-mapping@0.3.31':
    dependencies:
      '@jridgewell/resolve-uri': 3.1.2
      '@jridgewell/sourcemap-codec': 1.5.5

  '@opentelemetry/api@1.9.0':
    optional: true

  '@polka/url@1.0.0-next.29': {}

  '@rollup/plugin-commonjs@28.0.1(rollup@4.53.2)':
    dependencies:
      '@rollup/pluginutils': 5.3.0(rollup@4.53.2)
      commondir: 1.0.1
      estree-walker: 2.0.2
      fdir: 6.5.0(picomatch@4.0.3)
      is-reference: 1.2.1
      magic-string: 0.30.21
      picomatch: 4.0.3
    optionalDependencies:
      rollup: 4.53.2

  '@rollup/plugin-json@6.1.0(rollup@4.53.2)':
    dependencies:
      '@rollup/pluginutils': 5.3.0(rollup@4.53.2)
    optionalDependencies:
      rollup: 4.53.2

  '@rollup/plugin-node-resolve@16.0.3(rollup@4.53.2)':
    dependencies:
      '@rollup/pluginutils': 5.3.0(rollup@4.53.2)
      '@types/resolve': 1.20.2
      deepmerge: 4.3.1
      is-module: 1.0.0
      resolve: 1.22.8
    optionalDependencies:
      rollup: 4.53.2

  '@rollup/pluginutils@5.3.0(rollup@4.53.2)':
    dependencies:
      '@types/estree': 1.0.8
      estree-walker: 2.0.2
      picomatch: 4.0.3
    optionalDependencies:
      rollup: 4.53.2

  '@rollup/rollup-android-arm-eabi@4.53.2':
    optional: true

  '@rollup/rollup-android-arm64@4.53.2':
    optional: true

  '@rollup/rollup-darwin-arm64@4.53.2':
    optional: true

  '@rollup/rollup-darwin-x64@4.53.2':
    optional: true

  '@rollup/rollup-freebsd-arm64@4.53.2':
    optional: true

  '@rollup/rollup-freebsd-x64@4.53.2':
    optional: true

  '@rollup/rollup-linux-arm-gnueabihf@4.53.2':
    optional: true

  '@rollup/rollup-linux-arm-musleabihf@4.53.2':
    optional: true

  '@rollup/rollup-linux-arm64-gnu@4.53.2':
    optional: true

  '@rollup/rollup-linux-arm64-musl@4.53.2':
    optional: true

  '@rollup/rollup-linux-loong64-gnu@4.53.2':
    optional: true

  '@rollup/rollup-linux-ppc64-gnu@4.53.2':
    optional: true

  '@rollup/rollup-linux-riscv64-gnu@4.53.2':
    optional: true

  '@rollup/rollup-linux-riscv64-musl@4.53.2':
    optional: true

  '@rollup/rollup-linux-s390x-gnu@4.53.2':
    optional: true

  '@rollup/rollup-linux-x64-gnu@4.53.2':
    optional: true

  '@rollup/rollup-linux-x64-musl@4.53.2':
    optional: true

  '@rollup/rollup-openharmony-arm64@4.53.2':
    optional: true

  '@rollup/rollup-win32-arm64-msvc@4.53.2':
    optional: true

  '@rollup/rollup-win32-ia32-msvc@4.53.2':
    optional: true

  '@rollup/rollup-win32-x64-gnu@4.53.2':
    optional: true

  '@rollup/rollup-win32-x64-msvc@4.53.2':
    optional: true

  '@standard-schema/spec@1.1.0': {}

  '@sveltejs/acorn-typescript@1.0.8(acorn@8.15.0)':
    dependencies:
      acorn: 8.15.0

  '@sveltejs/adapter-node@5.4.0(@sveltejs/kit@2.49.2(@opentelemetry/api@1.9.0)(@sveltejs/vite-plugin-svelte@4.0.4(svelte@5.46.1)(vite@5.4.21(@types/node@20.19.25)(terser@5.44.1)))(svelte@5.46.1)(vite@5.4.21(@types/node@20.19.25)(terser@5.44.1)))':
    dependencies:
      '@rollup/plugin-commonjs': 28.0.1(rollup@4.53.2)
      '@rollup/plugin-json': 6.1.0(rollup@4.53.2)
      '@rollup/plugin-node-resolve': 16.0.3(rollup@4.53.2)
      '@sveltejs/kit': 2.49.2(@opentelemetry/api@1.9.0)(@sveltejs/vite-plugin-svelte@4.0.4(svelte@5.46.1)(vite@5.4.21(@types/node@20.19.25)(terser@5.44.1)))(svelte@5.46.1)(vite@5.4.21(@types/node@20.19.25)(terser@5.44.1))
      rollup: 4.53.2

  '@sveltejs/kit@2.49.2(@opentelemetry/api@1.9.0)(@sveltejs/vite-plugin-svelte@4.0.4(svelte@5.46.1)(vite@5.4.21(@types/node@20.19.25)(terser@5.44.1)))(svelte@5.46.1)(vite@5.4.21(@types/node@20.19.25)(terser@5.44.1))':
    dependencies:
      '@standard-schema/spec': 1.1.0
      '@sveltejs/acorn-typescript': 1.0.8(acorn@8.15.0)
      '@sveltejs/vite-plugin-svelte': 4.0.4(svelte@5.46.1)(vite@5.4.21(@types/node@20.19.25)(terser@5.44.1))
      '@types/cookie': 0.6.0
      acorn: 8.15.0
      cookie: 0.6.0
      devalue: 5.6.1
      esm-env: 1.2.2
      kleur: 4.1.5
      magic-string: 0.30.21
      mrmime: 2.0.1
      sade: 1.8.1
      set-cookie-parser: 2.7.2
      sirv: 3.0.2
      svelte: 5.46.1
      vite: 5.4.21(@types/node@20.19.25)(terser@5.44.1)
    optionalDependencies:
      '@opentelemetry/api': 1.9.0

  '@sveltejs/vite-plugin-svelte-inspector@3.0.1(@sveltejs/vite-plugin-svelte@4.0.4(svelte@5.46.1)(vite@5.4.21(@types/node@20.19.25)(terser@5.44.1)))(svelte@5.46.1)(vite@5.4.21(@types/node@20.19.25)(terser@5.44.1))':
    dependencies:
      '@sveltejs/vite-plugin-svelte': 4.0.4(svelte@5.46.1)(vite@5.4.21(@types/node@20.19.25)(terser@5.44.1))
      debug: 4.4.3
      svelte: 5.46.1
      vite: 5.4.21(@types/node@20.19.25)(terser@5.44.1)
    transitivePeerDependencies:
      - supports-color

  '@sveltejs/vite-plugin-svelte@4.0.4(svelte@5.46.1)(vite@5.4.21(@types/node@20.19.25)(terser@5.44.1))':
    dependencies:
      '@sveltejs/vite-plugin-svelte-inspector': 3.0.1(@sveltejs/vite-plugin-svelte@4.0.4(svelte@5.46.1)(vite@5.4.21(@types/node@20.19.25)(terser@5.44.1)))(svelte@5.46.1)(vite@5.4.21(@types/node@20.19.25)(terser@5.44.1))
      debug: 4.4.3
      deepmerge: 4.3.1
      kleur: 4.1.5
      magic-string: 0.30.21
      svelte: 5.46.1
      vite: 5.4.21(@types/node@20.19.25)(terser@5.44.1)
      vitefu: 1.1.1(vite@5.4.21(@types/node@20.19.25)(terser@5.44.1))
    transitivePeerDependencies:
      - supports-color

  '@types/cookie@0.6.0': {}

  '@types/estree@1.0.8': {}

  '@types/node@20.19.25':
    dependencies:
      undici-types: 6.21.0
    optional: true

  '@types/resolve@1.20.2': {}

  acorn@8.15.0: {}

  aria-query@5.3.2: {}

  axobject-query@4.1.0: {}

  buffer-from@1.1.2:
    optional: true

  chokidar@4.0.3:
    dependencies:
      readdirp: 4.1.2

  clsx@2.1.1: {}

  commander@2.20.3:
    optional: true

  commondir@1.0.1: {}

  cookie@0.6.0: {}

  debug@4.4.3:
    dependencies:
      ms: 2.1.3

  deepmerge@4.3.1: {}

  devalue@5.6.1: {}

  esbuild@0.21.5:
    optionalDependencies:
      '@esbuild/aix-ppc64': 0.21.5
      '@esbuild/android-arm': 0.21.5
      '@esbuild/android-arm64': 0.21.5
      '@esbuild/android-x64': 0.21.5
      '@esbuild/darwin-arm64': 0.21.5
      '@esbuild/darwin-x64': 0.21.5
      '@esbuild/freebsd-arm64': 0.21.5
      '@esbuild/freebsd-x64': 0.21.5
      '@esbuild/linux-arm': 0.21.5
      '@esbuild/linux-arm64': 0.21.5
      '@esbuild/linux-ia32': 0.21.5
      '@esbuild/linux-loong64': 0.21.5
      '@esbuild/linux-mips64el': 0.21.5
      '@esbuild/linux-ppc64': 0.21.5
      '@esbuild/linux-riscv64': 0.21.5
      '@esbuild/linux-s390x': 0.21.5
      '@esbuild/linux-x64': 0.21.5
      '@esbuild/netbsd-x64': 0.21.5
      '@esbuild/openbsd-x64': 0.21.5
      '@esbuild/sunos-x64': 0.21.5
      '@esbuild/win32-arm64': 0.21.5
      '@esbuild/win32-ia32': 0.21.5
      '@esbuild/win32-x64': 0.21.5

  esm-env@1.2.2: {}

  esrap@2.2.1:
    dependencies:
      '@jridgewell/sourcemap-codec': 1.5.5

  estree-walker@2.0.2: {}

  fdir@6.5.0(picomatch@4.0.3):
    optionalDependencies:
      picomatch: 4.0.3

  fsevents@2.3.3:
    optional: true

  function-bind@1.1.2: {}

  hasown@2.0.2:
    dependencies:
      function-bind: 1.1.2

  is-core-module@2.16.1:
    dependencies:
      hasown: 2.0.2

  is-module@1.0.0: {}

  is-reference@1.2.1:
    dependencies:
      '@types/estree': 1.0.8

  is-reference@3.0.3:
    dependencies:
      '@types/estree': 1.0.8

  kleur@4.1.5: {}

  locate-character@3.0.0: {}

  magic-string@0.30.21:
    dependencies:
      '@jridgewell/sourcemap-codec': 1.5.5

  mri@1.2.0: {}

  mrmime@2.0.1: {}

  ms@2.1.3: {}

  nanoid@3.3.11: {}

  path-parse@1.0.7: {}

  picocolors@1.1.1: {}

  picomatch@4.0.3: {}

  postcss@8.5.6:
    dependencies:
      nanoid: 3.3.11
      picocolors: 1.1.1
      source-map-js: 1.2.1

  readdirp@4.1.2: {}

  resolve@1.22.8:
    dependencies:
      is-core-module: 2.16.1
      path-parse: 1.0.7
      supports-preserve-symlinks-flag: 1.0.0

  rollup@4.53.2:
    dependencies:
      '@types/estree': 1.0.8
    optionalDependencies:
      '@rollup/rollup-android-arm-eabi': 4.53.2
      '@rollup/rollup-android-arm64': 4.53.2
      '@rollup/rollup-darwin-arm64': 4.53.2
      '@rollup/rollup-darwin-x64': 4.53.2
      '@rollup/rollup-freebsd-arm64': 4.53.2
      '@rollup/rollup-freebsd-x64': 4.53.2
      '@rollup/rollup-linux-arm-gnueabihf': 4.53.2
      '@rollup/rollup-linux-arm-musleabihf': 4.53.2
      '@rollup/rollup-linux-arm64-gnu': 4.53.2
      '@rollup/rollup-linux-arm64-musl': 4.53.2
      '@rollup/rollup-linux-loong64-gnu': 4.53.2
      '@rollup/rollup-linux-ppc64-gnu': 4.53.2
      '@rollup/rollup-linux-riscv64-gnu': 4.53.2
      '@rollup/rollup-linux-riscv64-musl': 4.53.2
      '@rollup/rollup-linux-s390x-gnu': 4.53.2
      '@rollup/rollup-linux-x64-gnu': 4.53.2
      '@rollup/rollup-linux-x64-musl': 4.53.2
      '@rollup/rollup-openharmony-arm64': 4.53.2
      '@rollup/rollup-win32-arm64-msvc': 4.53.2
      '@rollup/rollup-win32-ia32-msvc': 4.53.2
      '@rollup/rollup-win32-x64-gnu': 4.53.2
      '@rollup/rollup-win32-x64-msvc': 4.53.2
      fsevents: 2.3.3

  sade@1.8.1:
    dependencies:
      mri: 1.2.0

  set-cookie-parser@2.7.2: {}

  sirv@3.0.2:
    dependencies:
      '@polka/url': 1.0.0-next.29
      mrmime: 2.0.1
      totalist: 3.0.1

  source-map-js@1.2.1: {}

  source-map-support@0.5.21:
    dependencies:
      buffer-from: 1.1.2
      source-map: 0.6.1
    optional: true

  source-map@0.6.1:
    optional: true

  supports-preserve-symlinks-flag@1.0.0: {}

  svelte-check@4.3.5(picomatch@4.0.3)(svelte@5.46.1)(typescript@5.9.3):
    dependencies:
      '@jridgewell/trace-mapping': 0.3.31
      chokidar: 4.0.3
      fdir: 6.5.0(picomatch@4.0.3)
      picocolors: 1.1.1
      sade: 1.8.1
      svelte: 5.46.1
      typescript: 5.9.3
    transitivePeerDependencies:
      - picomatch

  svelte@5.46.1:
    dependencies:
      '@jridgewell/remapping': 2.3.5
      '@jridgewell/sourcemap-codec': 1.5.5
      '@sveltejs/acorn-typescript': 1.0.8(acorn@8.15.0)
      '@types/estree': 1.0.8
      acorn: 8.15.0
      aria-query: 5.3.2
      axobject-query: 4.1.0
      clsx: 2.1.1
      devalue: 5.6.1
      esm-env: 1.2.2
      esrap: 2.2.1
      is-reference: 3.0.3
      locate-character: 3.0.0
      magic-string: 0.30.21
      zimmerframe: 1.1.4

  terser@5.44.1:
    dependencies:
      '@jridgewell/source-map': 0.3.11
      acorn: 8.15.0
      commander: 2.20.3
      source-map-support: 0.5.21
    optional: true

  totalist@3.0.1: {}

  typescript@5.9.3: {}

  undici-types@6.21.0:
    optional: true

  vite@5.4.21(@types/node@20.19.25)(terser@5.44.1):
    dependencies:
      esbuild: 0.21.5
      postcss: 8.5.6
      rollup: 4.53.2
    optionalDependencies:
      '@types/node': 20.19.25
      fsevents: 2.3.3
      terser: 5.44.1

  vitefu@1.1.1(vite@5.4.21(@types/node@20.19.25)(terser@5.44.1)):
    optionalDependencies:
      vite: 5.4.21(@types/node@20.19.25)(terser@5.44.1)

  zimmerframe@1.1.4: {}
